// !$*UTF8*$!
{
	archiveVersion = 1;
	classes = {
	};
	objectVersion = 56;
	objects = {

/* Begin PBXBuildFile section */
		81196FF92C80C9A2001FB527 /* PokemonViewModel.swift in Sources */ = {isa = PBXBuildFile; fileRef = 81196FF82C80C9A2001FB527 /* PokemonViewModel.swift */; };
		81196FFB2C80D2C5001FB527 /* PokemonDetail.swift in Sources */ = {isa = PBXBuildFile; fileRef = 81196FFA2C80D2C5001FB527 /* PokemonDetail.swift */; };
		81196FFD2C80D5EE001FB527 /* SamplePokemon.swift in Sources */ = {isa = PBXBuildFile; fileRef = 81196FFC2C80D5EE001FB527 /* SamplePokemon.swift */; };
		812E273A2C80B055008D0F02 /* FetchController.swift in Sources */ = {isa = PBXBuildFile; fileRef = 812E27392C80B055008D0F02 /* FetchController.swift */; };
		814F9B9F2C7CD01300167690 /* PokeDex3App.swift in Sources */ = {isa = PBXBuildFile; fileRef = 814F9B9E2C7CD01300167690 /* PokeDex3App.swift */; };
		814F9BA12C7CD01300167690 /* ContentView.swift in Sources */ = {isa = PBXBuildFile; fileRef = 814F9BA02C7CD01300167690 /* ContentView.swift */; };
		814F9BA32C7CD01500167690 /* Assets.xcassets in Resources */ = {isa = PBXBuildFile; fileRef = 814F9BA22C7CD01500167690 /* Assets.xcassets */; };
		814F9BA62C7CD01500167690 /* Preview Assets.xcassets in Resources */ = {isa = PBXBuildFile; fileRef = 814F9BA52C7CD01500167690 /* Preview Assets.xcassets */; };
		814F9BA82C7CD01500167690 /* Persistence.swift in Sources */ = {isa = PBXBuildFile; fileRef = 814F9BA72C7CD01500167690 /* Persistence.swift */; };
		814F9BAB2C7CD01500167690 /* PokeDex3.xcdatamodeld in Sources */ = {isa = PBXBuildFile; fileRef = 814F9BA92C7CD01500167690 /* PokeDex3.xcdatamodeld */; };
		8153ED332C7CED48001262F9 /* TempPokemon.swift in Sources */ = {isa = PBXBuildFile; fileRef = 8153ED322C7CED48001262F9 /* TempPokemon.swift */; };
/* End PBXBuildFile section */

/* Begin PBXFileReference section */
		81196FF82C80C9A2001FB527 /* PokemonViewModel.swift */ = {isa = PBXFileReference; lastKnownFileType = sourcecode.swift; path = PokemonViewModel.swift; sourceTree = "<group>"; };
		81196FFA2C80D2C5001FB527 /* PokemonDetail.swift */ = {isa = PBXFileReference; lastKnownFileType = sourcecode.swift; path = PokemonDetail.swift; sourceTree = "<group>"; };
		81196FFC2C80D5EE001FB527 /* SamplePokemon.swift */ = {isa = PBXFileReference; lastKnownFileType = sourcecode.swift; path = SamplePokemon.swift; sourceTree = "<group>"; };
		812E27392C80B055008D0F02 /* FetchController.swift */ = {isa = PBXFileReference; lastKnownFileType = sourcecode.swift; path = FetchController.swift; sourceTree = "<group>"; };
		814F9B9B2C7CD01300167690 /* PokeDex3.app */ = {isa = PBXFileReference; explicitFileType = wrapper.application; includeInIndex = 0; path = PokeDex3.app; sourceTree = BUILT_PRODUCTS_DIR; };
		814F9B9E2C7CD01300167690 /* PokeDex3App.swift */ = {isa = PBXFileReference; lastKnownFileType = sourcecode.swift; path = PokeDex3App.swift; sourceTree = "<group>"; };
		814F9BA02C7CD01300167690 /* ContentView.swift */ = {isa = PBXFileReference; lastKnownFileType = sourcecode.swift; path = ContentView.swift; sourceTree = "<group>"; };
		814F9BA22C7CD01500167690 /* Assets.xcassets */ = {isa = PBXFileReference; lastKnownFileType = folder.assetcatalog; path = Assets.xcassets; sourceTree = "<group>"; };
		814F9BA52C7CD01500167690 /* Preview Assets.xcassets */ = {isa = PBXFileReference; lastKnownFileType = folder.assetcatalog; path = "Preview Assets.xcassets"; sourceTree = "<group>"; };
		814F9BA72C7CD01500167690 /* Persistence.swift */ = {isa = PBXFileReference; lastKnownFileType = sourcecode.swift; path = Persistence.swift; sourceTree = "<group>"; };
		814F9BAA2C7CD01500167690 /* PokeDex3.xcdatamodel */ = {isa = PBXFileReference; lastKnownFileType = wrapper.xcdatamodel; path = PokeDex3.xcdatamodel; sourceTree = "<group>"; };
		8153ED322C7CED48001262F9 /* TempPokemon.swift */ = {isa = PBXFileReference; lastKnownFileType = sourcecode.swift; path = TempPokemon.swift; sourceTree = "<group>"; };
/* End PBXFileReference section */

/* Begin PBXFrameworksBuildPhase section */
		814F9B982C7CD01300167690 /* Frameworks */ = {
			isa = PBXFrameworksBuildPhase;
			buildActionMask = 2147483647;
			files = (
			);
			runOnlyForDeploymentPostprocessing = 0;
		};
/* End PBXFrameworksBuildPhase section */

/* Begin PBXGroup section */
		814F9B922C7CD01300167690 = {
			isa = PBXGroup;
			children = (
				814F9B9D2C7CD01300167690 /* PokeDex3 */,
				814F9B9C2C7CD01300167690 /* Products */,
			);
			sourceTree = "<group>";
		};
		814F9B9C2C7CD01300167690 /* Products */ = {
			isa = PBXGroup;
			children = (
				814F9B9B2C7CD01300167690 /* PokeDex3.app */,
			);
			name = Products;
			sourceTree = "<group>";
		};
		814F9B9D2C7CD01300167690 /* PokeDex3 */ = {
			isa = PBXGroup;
			children = (
				814F9B9E2C7CD01300167690 /* PokeDex3App.swift */,
				814F9BA02C7CD01300167690 /* ContentView.swift */,
				81196FFA2C80D2C5001FB527 /* PokemonDetail.swift */,
				81196FFC2C80D5EE001FB527 /* SamplePokemon.swift */,
				8153ED322C7CED48001262F9 /* TempPokemon.swift */,
				81196FF82C80C9A2001FB527 /* PokemonViewModel.swift */,
				812E27392C80B055008D0F02 /* FetchController.swift */,
				814F9BA72C7CD01500167690 /* Persistence.swift */,
				814F9BA92C7CD01500167690 /* PokeDex3.xcdatamodeld */,
				814F9BA22C7CD01500167690 /* Assets.xcassets */,
				814F9BA42C7CD01500167690 /* Preview Content */,
			);
			path = PokeDex3;
			sourceTree = "<group>";
		};
		814F9BA42C7CD01500167690 /* Preview Content */ = {
			isa = PBXGroup;
			children = (
				814F9BA52C7CD01500167690 /* Preview Assets.xcassets */,
			);
			path = "Preview Content";
			sourceTree = "<group>";
		};
/* End PBXGroup section */

/* Begin PBXNativeTarget section */
		814F9B9A2C7CD01300167690 /* PokeDex3 */ = {
			isa = PBXNativeTarget;
			buildConfigurationList = 814F9BAE2C7CD01500167690 /* Build configuration list for PBXNativeTarget "PokeDex3" */;
			buildPhases = (
				814F9B972C7CD01300167690 /* Sources */,
				814F9B982C7CD01300167690 /* Frameworks */,
				814F9B992C7CD01300167690 /* Resources */,
			);
			buildRules = (
			);
			dependencies = (
			);
			name = PokeDex3;
			productName = PokeDex3;
			productReference = 814F9B9B2C7CD01300167690 /* PokeDex3.app */;
			productType = "com.apple.product-type.application";
		};
/* End PBXNativeTarget section */

/* Begin PBXProject section */
		814F9B932C7CD01300167690 /* Project object */ = {
			isa = PBXProject;
			attributes = {
				BuildIndependentTargetsInParallel = 1;
				LastSwiftUpdateCheck = 1540;
				LastUpgradeCheck = 1540;
				TargetAttributes = {
					814F9B9A2C7CD01300167690 = {
						CreatedOnToolsVersion = 15.4;
					};
				};
			};
			buildConfigurationList = 814F9B962C7CD01300167690 /* Build configuration list for PBXProject "PokeDex3" */;
			compatibilityVersion = "Xcode 14.0";
			developmentRegion = en;
			hasScannedForEncodings = 0;
			knownRegions = (
				en,
				Base,
			);
			mainGroup = 814F9B922C7CD01300167690;
			productRefGroup = 814F9B9C2C7CD01300167690 /* Products */;
			projectDirPath = "";
			projectRoot = "";
			targets = (
				814F9B9A2C7CD01300167690 /* PokeDex3 */,
			);
		};
/* End PBXProject section */

/* Begin PBXResourcesBuildPhase section */
		814F9B992C7CD01300167690 /* Resources */ = {
			isa = PBXResourcesBuildPhase;
			buildActionMask = 2147483647;
			files = (
				814F9BA62C7CD01500167690 /* Preview Assets.xcassets in Resources */,
				814F9BA32C7CD01500167690 /* Assets.xcassets in Resources */,
			);
			runOnlyForDeploymentPostprocessing = 0;
		};
/* End PBXResourcesBuildPhase section */

/* Begin PBXSourcesBuildPhase section */
		814F9B972C7CD01300167690 /* Sources */ = {
			isa = PBXSourcesBuildPhase;
			buildActionMask = 2147483647;
			files = (
				814F9BAB2C7CD01500167690 /* PokeDex3.xcdatamodeld in Sources */,
				814F9BA82C7CD01500167690 /* Persistence.swift in Sources */,
				81196FFB2C80D2C5001FB527 /* PokemonDetail.swift in Sources */,
				812E273A2C80B055008D0F02 /* FetchController.swift in Sources */,
				81196FFD2C80D5EE001FB527 /* SamplePokemon.swift in Sources */,
				81196FF92C80C9A2001FB527 /* PokemonViewModel.swift in Sources */,
				8153ED332C7CED48001262F9 /* TempPokemon.swift in Sources */,
				814F9BA12C7CD01300167690 /* ContentView.swift in Sources */,
				814F9B9F2C7CD01300167690 /* PokeDex3App.swift in Sources */,
			);
			runOnlyForDeploymentPostprocessing = 0;
		};
/* End PBXSourcesBuildPhase section */

/* Begin XCBuildConfiguration section */
		814F9BAC2C7CD01500167690 /* Debug */ = {
			isa = XCBuildConfiguration;
			buildSettings = {
				ALWAYS_SEARCH_USER_PATHS = NO;
				ASSETCATALOG_COMPILER_GENERATE_SWIFT_ASSET_SYMBOL_EXTENSIONS = YES;
				CLANG_ANALYZER_NONNULL = YES;
				CLANG_ANALYZER_NUMBER_OBJECT_CONVERSION = YES_AGGRESSIVE;
				CLANG_CXX_LANGUAGE_STANDARD = "gnu++20";
				CLANG_ENABLE_MODULES = YES;
				CLANG_ENABLE_OBJC_ARC = YES;
				CLANG_ENABLE_OBJC_WEAK = YES;
				CLANG_WARN_BLOCK_CAPTURE_AUTORELEASING = YES;
				CLANG_WARN_BOOL_CONVERSION = YES;
				CLANG_WARN_COMMA = YES;
				CLANG_WARN_CONSTANT_CONVERSION = YES;
				CLANG_WARN_DEPRECATED_OBJC_IMPLEMENTATIONS = YES;
				CLANG_WARN_DIRECT_OBJC_ISA_USAGE = YES_ERROR;
				CLANG_WARN_DOCUMENTATION_COMMENTS = YES;
				CLANG_WARN_EMPTY_BODY = YES;
				CLANG_WARN_ENUM_CONVERSION = YES;
				CLANG_WARN_INFINITE_RECURSION = YES;
				CLANG_WARN_INT_CONVERSION = YES;
				CLANG_WARN_NON_LITERAL_NULL_CONVERSION = YES;
				CLANG_WARN_OBJC_IMPLICIT_RETAIN_SELF = YES;
				CLANG_WARN_OBJC_LITERAL_CONVERSION = YES;
				CLANG_WARN_OBJC_ROOT_CLASS = YES_ERROR;
				CLANG_WARN_QUOTED_INCLUDE_IN_FRAMEWORK_HEADER = YES;
				CLANG_WARN_RANGE_LOOP_ANALYSIS = YES;
				CLANG_WARN_STRICT_PROTOTYPES = YES;
				CLANG_WARN_SUSPICIOUS_MOVE = YES;
				CLANG_WARN_UNGUARDED_AVAILABILITY = YES_AGGRESSIVE;
				CLANG_WARN_UNREACHABLE_CODE = YES;
				CLANG_WARN__DUPLICATE_METHOD_MATCH = YES;
				COPY_PHASE_STRIP = NO;
				DEBUG_INFORMATION_FORMAT = dwarf;
				ENABLE_STRICT_OBJC_MSGSEND = YES;
				ENABLE_TESTABILITY = YES;
				ENABLE_USER_SCRIPT_SANDBOXING = YES;
				GCC_C_LANGUAGE_STANDARD = gnu17;
				GCC_DYNAMIC_NO_PIC = NO;
				GCC_NO_COMMON_BLOCKS = YES;
				GCC_OPTIMIZATION_LEVEL = 0;
				GCC_PREPROCESSOR_DEFINITIONS = (
					"DEBUG=1",
					"$(inherited)",
				);
				GCC_WARN_64_TO_32_BIT_CONVERSION = YES;
				GCC_WARN_ABOUT_RETURN_TYPE = YES_ERROR;
				GCC_WARN_UNDECLARED_SELECTOR = YES;
				GCC_WARN_UNINITIALIZED_AUTOS = YES_AGGRESSIVE;
				GCC_WARN_UNUSED_FUNCTION = YES;
				GCC_WARN_UNUSED_VARIABLE = YES;
				IPHONEOS_DEPLOYMENT_TARGET = 17.5;
				LOCALIZATION_PREFERS_STRING_CATALOGS = YES;
				MTL_ENABLE_DEBUG_INFO = INCLUDE_SOURCE;
				MTL_FAST_MATH = YES;
				ONLY_ACTIVE_ARCH = YES;
				SDKROOT = iphoneos;
				SWIFT_ACTIVE_COMPILATION_CONDITIONS = "DEBUG $(inherited)";
				SWIFT_OPTIMIZATION_LEVEL = "-Onone";
			};
			name = Debug;
		};
		814F9BAD2C7CD01500167690 /* Release */ = {
			isa = XCBuildConfiguration;
			buildSettings = {
				ALWAYS_SEARCH_USER_PATHS = NO;
				ASSETCATALOG_COMPILER_GENERATE_SWIFT_ASSET_SYMBOL_EXTENSIONS = YES;
				CLANG_ANALYZER_NONNULL = YES;
				CLANG_ANALYZER_NUMBER_OBJECT_CONVERSION = YES_AGGRESSIVE;
				CLANG_CXX_LANGUAGE_STANDARD = "gnu++20";
				CLANG_ENABLE_MODULES = YES;
				CLANG_ENABLE_OBJC_ARC = YES;
				CLANG_ENABLE_OBJC_WEAK = YES;
				CLANG_WARN_BLOCK_CAPTURE_AUTORELEASING = YES;
				CLANG_WARN_BOOL_CONVERSION = YES;
				CLANG_WARN_COMMA = YES;
				CLANG_WARN_CONSTANT_CONVERSION = YES;
				CLANG_WARN_DEPRECATED_OBJC_IMPLEMENTATIONS = YES;
				CLANG_WARN_DIRECT_OBJC_ISA_USAGE = YES_ERROR;
				CLANG_WARN_DOCUMENTATION_COMMENTS = YES;
				CLANG_WARN_EMPTY_BODY = YES;
				CLANG_WARN_ENUM_CONVERSION = YES;
				CLANG_WARN_INFINITE_RECURSION = YES;
				CLANG_WARN_INT_CONVERSION = YES;
				CLANG_WARN_NON_LITERAL_NULL_CONVERSION = YES;
				CLANG_WARN_OBJC_IMPLICIT_RETAIN_SELF = YES;
				CLANG_WARN_OBJC_LITERAL_CONVERSION = YES;
				CLANG_WARN_OBJC_ROOT_CLASS = YES_ERROR;
				CLANG_WARN_QUOTED_INCLUDE_IN_FRAMEWORK_HEADER = YES;
				CLANG_WARN_RANGE_LOOP_ANALYSIS = YES;
				CLANG_WARN_STRICT_PROTOTYPES = YES;
				CLANG_WARN_SUSPICIOUS_MOVE = YES;
				CLANG_WARN_UNGUARDED_AVAILABILITY = YES_AGGRESSIVE;
				CLANG_WARN_UNREACHABLE_CODE = YES;
				CLANG_WARN__DUPLICATE_METHOD_MATCH = YES;
				COPY_PHASE_STRIP = NO;
				DEBUG_INFORMATION_FORMAT = "dwarf-with-dsym";
				ENABLE_NS_ASSERTIONS = NO;
				ENABLE_STRICT_OBJC_MSGSEND = YES;
				ENABLE_USER_SCRIPT_SANDBOXING = YES;
				GCC_C_LANGUAGE_STANDARD = gnu17;
				GCC_NO_COMMON_BLOCKS = YES;
				GCC_WARN_64_TO_32_BIT_CONVERSION = YES;
				GCC_WARN_ABOUT_RETURN_TYPE = YES_ERROR;
				GCC_WARN_UNDECLARED_SELECTOR = YES;
				GCC_WARN_UNINITIALIZED_AUTOS = YES_AGGRESSIVE;
				GCC_WARN_UNUSED_FUNCTION = YES;
				GCC_WARN_UNUSED_VARIABLE = YES;
				IPHONEOS_DEPLOYMENT_TARGET = 17.5;
				LOCALIZATION_PREFERS_STRING_CATALOGS = YES;
				MTL_ENABLE_DEBUG_INFO = NO;
				MTL_FAST_MATH = YES;
				SDKROOT = iphoneos;
				SWIFT_COMPILATION_MODE = wholemodule;
				VALIDATE_PRODUCT = YES;
			};
			name = Release;
		};
		814F9BAF2C7CD01500167690 /* Debug */ = {
			isa = XCBuildConfiguration;
			buildSettings = {
				ASSETCATALOG_COMPILER_APPICON_NAME = AppIcon;
				ASSETCATALOG_COMPILER_GLOBAL_ACCENT_COLOR_NAME = AccentColor;
				CODE_SIGN_STYLE = Automatic;
				CURRENT_PROJECT_VERSION = 1;
				DEVELOPMENT_ASSET_PATHS = "\"PokeDex3/Preview Content\"";
				DEVELOPMENT_TEAM = 8JLP5GQ9A5;
				ENABLE_PREVIEWS = YES;
				GENERATE_INFOPLIST_FILE = YES;
				INFOPLIST_KEY_UIApplicationSceneManifest_Generation = YES;
				INFOPLIST_KEY_UIApplicationSupportsIndirectInputEvents = YES;
				INFOPLIST_KEY_UILaunchScreen_Generation = YES;
				INFOPLIST_KEY_UISupportedInterfaceOrientations_iPad = "UIInterfaceOrientationPortrait UIInterfaceOrientationPortraitUpsideDown UIInterfaceOrientationLandscapeLeft UIInterfaceOrientationLandscapeRight";
				INFOPLIST_KEY_UISupportedInterfaceOrientations_iPhone = "UIInterfaceOrientationPortrait UIInterfaceOrientationLandscapeLeft UIInterfaceOrientationLandscapeRight";
				LD_RUNPATH_SEARCH_PATHS = (
					"$(inherited)",
					"@executable_path/Frameworks",
				);
				MARKETING_VERSION = 1.0;
				PRODUCT_BUNDLE_IDENTIFIER = com.ViniDevApps.PokeDex3;
				PRODUCT_NAME = "$(TARGET_NAME)";
				SWIFT_EMIT_LOC_STRINGS = YES;
				SWIFT_VERSION = 5.0;
				TARGETED_DEVICE_FAMILY = "1,2";
			};
			name = Debug;
		};
		814F9BB02C7CD01500167690 /* Release */ = {
			isa = XCBuildConfiguration;
			buildSettings = {
				ASSETCATALOG_COMPILER_APPICON_NAME = AppIcon;
				ASSETCATALOG_COMPILER_GLOBAL_ACCENT_COLOR_NAME = AccentColor;
				CODE_SIGN_STYLE = Automatic;
				CURRENT_PROJECT_VERSION = 1;
				DEVELOPMENT_ASSET_PATHS = "\"PokeDex3/Preview Content\"";
				DEVELOPMENT_TEAM = 8JLP5GQ9A5;
				ENABLE_PREVIEWS = YES;
				GENERATE_INFOPLIST_FILE = YES;
				INFOPLIST_KEY_UIApplicationSceneManifest_Generation = YES;
				INFOPLIST_KEY_UIApplicationSupportsIndirectInputEvents = YES;
				INFOPLIST_KEY_UILaunchScreen_Generation = YES;
				INFOPLIST_KEY_UISupportedInterfaceOrientations_iPad = "UIInterfaceOrientationPortrait UIInterfaceOrientationPortraitUpsideDown UIInterfaceOrientationLandscapeLeft UIInterfaceOrientationLandscapeRight";
				INFOPLIST_KEY_UISupportedInterfaceOrientations_iPhone = "UIInterfaceOrientationPortrait UIInterfaceOrientationLandscapeLeft UIInterfaceOrientationLandscapeRight";
				LD_RUNPATH_SEARCH_PATHS = (
					"$(inherited)",
					"@executable_path/Frameworks",
				);
				MARKETING_VERSION = 1.0;
				PRODUCT_BUNDLE_IDENTIFIER = com.ViniDevApps.PokeDex3;
				PRODUCT_NAME = "$(TARGET_NAME)";
				SWIFT_EMIT_LOC_STRINGS = YES;
				SWIFT_VERSION = 5.0;
				TARGETED_DEVICE_FAMILY = "1,2";
			};
			name = Release;
		};
/* End XCBuildConfiguration section */

/* Begin XCConfigurationList section */
		814F9B962C7CD01300167690 /* Build configuration list for PBXProject "PokeDex3" */ = {
			isa = XCConfigurationList;
			buildConfigurations = (
				814F9BAC2C7CD01500167690 /* Debug */,
				814F9BAD2C7CD01500167690 /* Release */,
			);
			defaultConfigurationIsVisible = 0;
			defaultConfigurationName = Release;
		};
		814F9BAE2C7CD01500167690 /* Build configuration list for PBXNativeTarget "PokeDex3" */ = {
			isa = XCConfigurationList;
			buildConfigurations = (
				814F9BAF2C7CD01500167690 /* Debug */,
				814F9BB02C7CD01500167690 /* Release */,
			);
			defaultConfigurationIsVisible = 0;
			defaultConfigurationName = Release;
		};
/* End XCConfigurationList section */

/* Begin XCVersionGroup section */
		814F9BA92C7CD01500167690 /* PokeDex3.xcdatamodeld */ = {
			isa = XCVersionGroup;
			children = (
				814F9BAA2C7CD01500167690 /* PokeDex3.xcdatamodel */,
			);
			currentVersion = 814F9BAA2C7CD01500167690 /* PokeDex3.xcdatamodel */;
			path = PokeDex3.xcdatamodeld;
			sourceTree = "<group>";
			versionGroupType = wrapper.xcdatamodel;
		};
/* End XCVersionGroup section */
	};
	rootObject = 814F9B932C7CD01300167690 /* Project object */;
}
